# This file was autogenerated by Stack.
# You should not edit this file by hand.
# For more information, please see the documentation at:
#   https://docs.haskellstack.org/en/stable/lock_files

packages:
- completed:
    commit: 7fe66b748fd599ebc18d293be26ac00ac69861d1
    git: https://github.com/determi-io/agda.git
    name: Agda
    pantry-tree:
      sha256: e5c16fed83bbc6bbecab2784c5e35b982b80b85f413512e08958bd50044b8f6f
      size: 822456
    version: 2.6.4
  original:
    commit: 7fe66b748fd599ebc18d293be26ac00ac69861d1
    git: https://github.com/determi-io/agda.git
- completed:
    hackage: vector-hashtables-0.1.1.3@sha256:b6adeefd5846a2dc33840e75f0ec64bfd60e1c0695fc2c9e64c1d0d3a15d2f2d,2867
    pantry-tree:
      sha256: 27f7a7f71a7db1c189e204952b403c3cdc27c3dfecf6d7ade622fc97d42b8fd8
      size: 847
  original:
    hackage: vector-hashtables-0.1.1.3@sha256:b6adeefd5846a2dc33840e75f0ec64bfd60e1c0695fc2c9e64c1d0d3a15d2f2d,2867
snapshots:
- completed:
    sha256: adbc602422dde10cc330175da7de8609e70afc41449a7e2d6e8b1827aa0e5008
    size: 649342
    url: https://raw.githubusercontent.com/commercialhaskell/stackage-snapshots/master/lts/20/11.yaml
  original: lts-20.11
